[[package]]
category = "main"
description = "Disable App Nap on OS X 10.9"
marker = "sys_platform == \"darwin\""
name = "appnope"
optional = false
python-versions = "*"
version = "0.1.0"

[[package]]
category = "main"
description = "Specifications for callback functions passed in to an API"
name = "backcall"
optional = false
python-versions = "*"
version = "0.2.0"

[[package]]
category = "main"
description = "Python package for providing Mozilla's CA Bundle."
name = "certifi"
optional = false
python-versions = "*"
version = "2020.6.20"

[[package]]
category = "main"
description = "Foreign Function Interface for Python calling C code."
name = "cffi"
optional = false
python-versions = "*"
version = "1.14.0"

[package.dependencies]
pycparser = "*"

[[package]]
category = "main"
description = "Universal encoding detector for Python 2 and 3"
name = "chardet"
optional = false
python-versions = "*"
version = "3.0.4"

[[package]]
category = "main"
description = "Composable command line interface toolkit"
name = "click"
optional = false
python-versions = ">=2.7, !=3.0.*, !=3.1.*, !=3.2.*, !=3.3.*, !=3.4.*"
version = "7.1.2"

[[package]]
category = "main"
description = "Cross-platform colored terminal text."
marker = "sys_platform == \"win32\""
name = "colorama"
optional = false
python-versions = ">=2.7, !=3.0.*, !=3.1.*, !=3.2.*, !=3.3.*, !=3.4.*"
version = "0.4.3"

[[package]]
category = "main"
description = "The Cython compiler for writing C extensions for the Python language."
name = "cython"
optional = false
python-versions = ">=2.6, !=3.0.*, !=3.1.*, !=3.2.*"
version = "0.29.20"

[[package]]
category = "main"
description = "Decorators for Humans"
name = "decorator"
optional = false
python-versions = ">=2.6, !=3.0.*, !=3.1.*"
version = "4.4.2"

[[package]]
category = "main"
description = "Facebook AI Research Sequence-to-Sequence Toolkit"
name = "fairseq"
optional = false
python-versions = "*"
version = "0.9.0"

[package.dependencies]
cffi = "*"
cython = "*"
numpy = "*"
regex = "*"
sacrebleu = "*"
torch = "*"
tqdm = "*"

[[package]]
category = "main"
description = "C++ implementation of Neural Machine Translation of Rare Words with Subword Units, with Python API."
name = "fastbpe"
optional = false
python-versions = "*"
version = "0.1.0"

[[package]]
category = "main"
description = "Internationalized Domain Names in Applications (IDNA)"
name = "idna"
optional = false
python-versions = ">=2.7, !=3.0.*, !=3.1.*, !=3.2.*, !=3.3.*"
version = "2.10"

[[package]]
category = "main"
description = "IPython: Productive Interactive Computing"
name = "ipython"
optional = false
python-versions = ">=3.6"
version = "7.16.1"

[package.dependencies]
appnope = "*"
backcall = "*"
colorama = "*"
decorator = "*"
jedi = ">=0.10"
pexpect = "*"
pickleshare = "*"
prompt-toolkit = ">=2.0.0,<3.0.0 || >3.0.0,<3.0.1 || >3.0.1,<3.1.0"
pygments = "*"
setuptools = ">=18.5"
traitlets = ">=4.2"

[package.extras]
all = ["Sphinx (>=1.3)", "ipykernel", "ipyparallel", "ipywidgets", "nbconvert", "nbformat", "nose (>=0.10.1)", "notebook", "numpy (>=1.14)", "pygments", "qtconsole", "requests", "testpath"]
doc = ["Sphinx (>=1.3)"]
kernel = ["ipykernel"]
nbconvert = ["nbconvert"]
nbformat = ["nbformat"]
notebook = ["notebook", "ipywidgets"]
parallel = ["ipyparallel"]
qtconsole = ["qtconsole"]
test = ["nose (>=0.10.1)", "requests", "testpath", "pygments", "nbformat", "ipykernel", "numpy (>=1.14)"]

[[package]]
category = "main"
description = "Vestigial utilities from IPython"
name = "ipython-genutils"
optional = false
python-versions = "*"
version = "0.2.0"

[[package]]
category = "main"
description = "An autocompletion tool for Python that can be used for text editors."
name = "jedi"
optional = false
python-versions = ">=2.7, !=3.0.*, !=3.1.*, !=3.2.*, !=3.3.*, !=3.4.*"
version = "0.17.1"

[package.dependencies]
parso = ">=0.7.0,<0.8.0"

[package.extras]
qa = ["flake8 (3.7.9)"]
testing = ["Django (<3.1)", "colorama", "docopt", "pytest (>=3.9.0,<5.0.0)"]

[[package]]
category = "main"
description = "Lightweight pipelining: using Python functions as pipeline jobs."
name = "joblib"
optional = false
python-versions = ">=3.6"
version = "0.15.1"

[[package]]
category = "main"
description = "NumPy is the fundamental package for array computing with Python."
name = "numpy"
optional = false
python-versions = ">=3.6"
version = "1.19.0"

[[package]]
category = "main"
description = "A Python Parser"
name = "parso"
optional = false
python-versions = ">=2.7, !=3.0.*, !=3.1.*, !=3.2.*, !=3.3.*"
version = "0.7.0"

[package.extras]
testing = ["docopt", "pytest (>=3.0.7)"]

[[package]]
category = "main"
description = "Pexpect allows easy control of interactive console applications."
marker = "sys_platform != \"win32\""
name = "pexpect"
optional = false
python-versions = "*"
version = "4.8.0"

[package.dependencies]
ptyprocess = ">=0.5"

[[package]]
category = "main"
description = "Tiny 'shelve'-like database with concurrency support"
name = "pickleshare"
optional = false
python-versions = "*"
version = "0.7.5"

[[package]]
category = "main"
description = "Wraps the portalocker recipe for easy usage"
name = "portalocker"
optional = false
python-versions = "*"
version = "1.7.0"

[package.dependencies]
pywin32 = "!=226"

[package.extras]
docs = ["sphinx (>=1.7.1)"]
tests = ["flake8 (>=3.5.0)", "pytest (>=3.4.0)", "pytest-cache (>=1.0)", "pytest-cov (>=2.5.1)", "pytest-flakes (>=2.0.0)", "pytest-pep8 (>=1.0.6)", "sphinx (>=1.7.1)"]

[[package]]
category = "main"
description = "Library for building powerful interactive command lines in Python"
name = "prompt-toolkit"
optional = false
python-versions = ">=3.6.1"
version = "3.0.5"

[package.dependencies]
wcwidth = "*"

[[package]]
category = "main"
description = "Run a subprocess in a pseudo terminal"
marker = "sys_platform != \"win32\""
name = "ptyprocess"
optional = false
python-versions = "*"
version = "0.6.0"

[[package]]
category = "main"
description = "C parser in Python"
name = "pycparser"
optional = false
python-versions = ">=2.7, !=3.0.*, !=3.1.*, !=3.2.*, !=3.3.*"
version = "2.20"

[[package]]
category = "main"
description = "Pygments is a syntax highlighting package written in Python."
name = "pygments"
optional = false
python-versions = ">=3.5"
version = "2.6.1"

[[package]]
category = "main"
description = "Python for Window Extensions"
marker = "platform_system == \"Windows\""
name = "pywin32"
optional = false
python-versions = "*"
version = "228"

[[package]]
category = "main"
description = "Alternative regular expression module, to replace re."
name = "regex"
optional = false
python-versions = "*"
version = "2020.6.8"

[[package]]
category = "main"
description = "Python HTTP for Humans."
name = "requests"
optional = false
python-versions = ">=2.7, !=3.0.*, !=3.1.*, !=3.2.*, !=3.3.*, !=3.4.*"
version = "2.24.0"

[package.dependencies]
certifi = ">=2017.4.17"
chardet = ">=3.0.2,<4"
idna = ">=2.5,<3"
urllib3 = ">=1.21.1,<1.25.0 || >1.25.0,<1.25.1 || >1.25.1,<1.26"

[package.extras]
security = ["pyOpenSSL (>=0.14)", "cryptography (>=1.3.4)"]
socks = ["PySocks (>=1.5.6,<1.5.7 || >1.5.7)", "win-inet-pton"]

[[package]]
category = "main"
description = "Hassle-free computation of shareable, comparable, and reproducible BLEU scores"
name = "sacrebleu"
optional = false
python-versions = ">=3"
version = "1.4.10"

[package.dependencies]
portalocker = "*"

[[package]]
category = "main"
description = "SacreMoses"
name = "sacremoses"
optional = false
python-versions = "*"
version = "0.0.43"

[package.dependencies]
click = "*"
joblib = "*"
regex = "*"
six = "*"
tqdm = "*"

[[package]]
category = "main"
description = "Python 2 and 3 compatibility utilities"
name = "six"
optional = false
python-versions = ">=2.7, !=3.0.*, !=3.1.*, !=3.2.*"
version = "1.15.0"

[[package]]
category = "main"
description = "Unsupervised Word Segmentation for Neural Machine Translation and Text Generation"
name = "subword-nmt"
optional = false
python-versions = "*"
version = "0.3.7"

[[package]]
category = "main"
description = "Tensors and Dynamic neural networks in Python with strong GPU acceleration"
name = "torch"
optional = false
python-versions = ">=2.7, !=3.0.*, !=3.1.*, !=3.2.*, !=3.3.*, !=3.4.*"
version = "1.4.0"

[[package]]
category = "main"
description = "Fast, Extensible Progress Meter"
name = "tqdm"
optional = false
python-versions = ">=2.6, !=3.0.*, !=3.1.*"
version = "4.47.0"

[package.extras]
dev = ["py-make (>=0.1.0)", "twine", "argopt", "pydoc-markdown"]

[[package]]
category = "main"
description = "Traitlets Python config system"
name = "traitlets"
optional = false
python-versions = "*"
version = "4.3.3"

[package.dependencies]
decorator = "*"
ipython-genutils = "*"
six = "*"

[package.extras]
test = ["pytest", "mock"]

[[package]]
category = "main"
description = "HTTP library with thread-safe connection pooling, file post, and more."
name = "urllib3"
optional = false
python-versions = ">=2.7, !=3.0.*, !=3.1.*, !=3.2.*, !=3.3.*, !=3.4.*, <4"
version = "1.25.9"

[package.extras]
brotli = ["brotlipy (>=0.6.0)"]
secure = ["certifi", "cryptography (>=1.3.4)", "idna (>=2.0.0)", "pyOpenSSL (>=0.14)", "ipaddress"]
socks = ["PySocks (>=1.5.6,<1.5.7 || >1.5.7,<2.0)"]

[[package]]
category = "main"
description = "Measures the displayed width of unicode strings in a terminal"
name = "wcwidth"
optional = false
python-versions = "*"
version = "0.2.5"

[metadata]
content-hash = "1a0cf6a8c89914d2413b29843362b589b6af54d25e39d7e124c8874678f7a478"
python-versions = "^3.7.0"

[metadata.files]
appnope = [
    {file = "appnope-0.1.0-py2.py3-none-any.whl", hash = "sha256:5b26757dc6f79a3b7dc9fab95359328d5747fcb2409d331ea66d0272b90ab2a0"},
    {file = "appnope-0.1.0.tar.gz", hash = "sha256:8b995ffe925347a2138d7ac0fe77155e4311a0ea6d6da4f5128fe4b3cbe5ed71"},
]
backcall = [
    {file = "backcall-0.2.0-py2.py3-none-any.whl", hash = "sha256:fbbce6a29f263178a1f7915c1940bde0ec2b2a967566fe1c65c1dfb7422bd255"},
    {file = "backcall-0.2.0.tar.gz", hash = "sha256:5cbdbf27be5e7cfadb448baf0aa95508f91f2bbc6c6437cd9cd06e2a4c215e1e"},
]
certifi = [
    {file = "certifi-2020.6.20-py2.py3-none-any.whl", hash = "sha256:8fc0819f1f30ba15bdb34cceffb9ef04d99f420f68eb75d901e9560b8749fc41"},
    {file = "certifi-2020.6.20.tar.gz", hash = "sha256:5930595817496dd21bb8dc35dad090f1c2cd0adfaf21204bf6732ca5d8ee34d3"},
]
cffi = [
    {file = "cffi-1.14.0-cp27-cp27m-macosx_10_9_x86_64.whl", hash = "sha256:1cae98a7054b5c9391eb3249b86e0e99ab1e02bb0cc0575da191aedadbdf4384"},
    {file = "cffi-1.14.0-cp27-cp27m-manylinux1_i686.whl", hash = "sha256:cf16e3cf6c0a5fdd9bc10c21687e19d29ad1fe863372b5543deaec1039581a30"},
    {file = "cffi-1.14.0-cp27-cp27m-manylinux1_x86_64.whl", hash = "sha256:f2b0fa0c01d8a0c7483afd9f31d7ecf2d71760ca24499c8697aeb5ca37dc090c"},
    {file = "cffi-1.14.0-cp27-cp27m-win32.whl", hash = "sha256:99f748a7e71ff382613b4e1acc0ac83bf7ad167fb3802e35e90d9763daba4d78"},
    {file = "cffi-1.14.0-cp27-cp27m-win_amd64.whl", hash = "sha256:c420917b188a5582a56d8b93bdd8e0f6eca08c84ff623a4c16e809152cd35793"},
    {file = "cffi-1.14.0-cp27-cp27mu-manylinux1_i686.whl", hash = "sha256:399aed636c7d3749bbed55bc907c3288cb43c65c4389964ad5ff849b6370603e"},
    {file = "cffi-1.14.0-cp27-cp27mu-manylinux1_x86_64.whl", hash = "sha256:cab50b8c2250b46fe738c77dbd25ce017d5e6fb35d3407606e7a4180656a5a6a"},
    {file = "cffi-1.14.0-cp35-cp35m-macosx_10_9_x86_64.whl", hash = "sha256:001bf3242a1bb04d985d63e138230802c6c8d4db3668fb545fb5005ddf5bb5ff"},
    {file = "cffi-1.14.0-cp35-cp35m-manylinux1_i686.whl", hash = "sha256:e56c744aa6ff427a607763346e4170629caf7e48ead6921745986db3692f987f"},
    {file = "cffi-1.14.0-cp35-cp35m-manylinux1_x86_64.whl", hash = "sha256:b8c78301cefcf5fd914aad35d3c04c2b21ce8629b5e4f4e45ae6812e461910fa"},
    {file = "cffi-1.14.0-cp35-cp35m-win32.whl", hash = "sha256:8c0ffc886aea5df6a1762d0019e9cb05f825d0eec1f520c51be9d198701daee5"},
    {file = "cffi-1.14.0-cp35-cp35m-win_amd64.whl", hash = "sha256:8a6c688fefb4e1cd56feb6c511984a6c4f7ec7d2a1ff31a10254f3c817054ae4"},
    {file = "cffi-1.14.0-cp36-cp36m-macosx_10_9_x86_64.whl", hash = "sha256:95cd16d3dee553f882540c1ffe331d085c9e629499ceadfbda4d4fde635f4b7d"},
    {file = "cffi-1.14.0-cp36-cp36m-manylinux1_i686.whl", hash = "sha256:66e41db66b47d0d8672d8ed2708ba91b2f2524ece3dee48b5dfb36be8c2f21dc"},
    {file = "cffi-1.14.0-cp36-cp36m-manylinux1_x86_64.whl", hash = "sha256:028a579fc9aed3af38f4892bdcc7390508adabc30c6af4a6e4f611b0c680e6ac"},
    {file = "cffi-1.14.0-cp36-cp36m-win32.whl", hash = "sha256:cef128cb4d5e0b3493f058f10ce32365972c554572ff821e175dbc6f8ff6924f"},
    {file = "cffi-1.14.0-cp36-cp36m-win_amd64.whl", hash = "sha256:337d448e5a725bba2d8293c48d9353fc68d0e9e4088d62a9571def317797522b"},
    {file = "cffi-1.14.0-cp37-cp37m-macosx_10_9_x86_64.whl", hash = "sha256:e577934fc5f8779c554639376beeaa5657d54349096ef24abe8c74c5d9c117c3"},
    {file = "cffi-1.14.0-cp37-cp37m-manylinux1_i686.whl", hash = "sha256:62ae9af2d069ea2698bf536dcfe1e4eed9090211dbaafeeedf5cb6c41b352f66"},
    {file = "cffi-1.14.0-cp37-cp37m-manylinux1_x86_64.whl", hash = "sha256:14491a910663bf9f13ddf2bc8f60562d6bc5315c1f09c704937ef17293fb85b0"},
    {file = "cffi-1.14.0-cp37-cp37m-win32.whl", hash = "sha256:c43866529f2f06fe0edc6246eb4faa34f03fe88b64a0a9a942561c8e22f4b71f"},
    {file = "cffi-1.14.0-cp37-cp37m-win_amd64.whl", hash = "sha256:2089ed025da3919d2e75a4d963d008330c96751127dd6f73c8dc0c65041b4c26"},
    {file = "cffi-1.14.0-cp38-cp38-macosx_10_9_x86_64.whl", hash = "sha256:3b911c2dbd4f423b4c4fcca138cadde747abdb20d196c4a48708b8a2d32b16dd"},
    {file = "cffi-1.14.0-cp38-cp38-manylinux1_i686.whl", hash = "sha256:7e63cbcf2429a8dbfe48dcc2322d5f2220b77b2e17b7ba023d6166d84655da55"},
    {file = "cffi-1.14.0-cp38-cp38-manylinux1_x86_64.whl", hash = "sha256:3d311bcc4a41408cf5854f06ef2c5cab88f9fded37a3b95936c9879c1640d4c2"},
    {file = "cffi-1.14.0-cp38-cp38-win32.whl", hash = "sha256:675686925a9fb403edba0114db74e741d8181683dcf216be697d208857e04ca8"},
    {file = "cffi-1.14.0-cp38-cp38-win_amd64.whl", hash = "sha256:00789914be39dffba161cfc5be31b55775de5ba2235fe49aa28c148236c4e06b"},
    {file = "cffi-1.14.0.tar.gz", hash = "sha256:2d384f4a127a15ba701207f7639d94106693b6cd64173d6c8988e2c25f3ac2b6"},
]
chardet = [
    {file = "chardet-3.0.4-py2.py3-none-any.whl", hash = "sha256:fc323ffcaeaed0e0a02bf4d117757b98aed530d9ed4531e3e15460124c106691"},
    {file = "chardet-3.0.4.tar.gz", hash = "sha256:84ab92ed1c4d4f16916e05906b6b75a6c0fb5db821cc65e70cbd64a3e2a5eaae"},
]
click = [
    {file = "click-7.1.2-py2.py3-none-any.whl", hash = "sha256:dacca89f4bfadd5de3d7489b7c8a566eee0d3676333fbb50030263894c38c0dc"},
    {file = "click-7.1.2.tar.gz", hash = "sha256:d2b5255c7c6349bc1bd1e59e08cd12acbbd63ce649f2588755783aa94dfb6b1a"},
]
colorama = [
    {file = "colorama-0.4.3-py2.py3-none-any.whl", hash = "sha256:7d73d2a99753107a36ac6b455ee49046802e59d9d076ef8e47b61499fa29afff"},
    {file = "colorama-0.4.3.tar.gz", hash = "sha256:e96da0d330793e2cb9485e9ddfd918d456036c7149416295932478192f4436a1"},
]
cython = [
    {file = "Cython-0.29.20-cp27-cp27m-macosx_10_9_x86_64.whl", hash = "sha256:a49d0f5c55ad0f4aacad32f058a71d0701cb8936d6883803e50698fa04cac8d2"},
    {file = "Cython-0.29.20-cp27-cp27m-manylinux1_i686.whl", hash = "sha256:a985a7e3c7f1663af398938029659a4381cfe9d1bd982cf19c46b01453e81775"},
    {file = "Cython-0.29.20-cp27-cp27m-manylinux1_x86_64.whl", hash = "sha256:714b8926a84e3e39c5278e43fb8823598db82a4b015cff263b786dc609a5e7d6"},
    {file = "Cython-0.29.20-cp27-cp27m-win32.whl", hash = "sha256:0754ec9d45518d0dbb5da72db2c8b063d40c4c51779618c68431054de179387f"},
    {file = "Cython-0.29.20-cp27-cp27m-win_amd64.whl", hash = "sha256:a21cb3423acd6dbf383c9e41e8e60c93741987950434c85145864458d30099f3"},
    {file = "Cython-0.29.20-cp27-cp27mu-manylinux1_i686.whl", hash = "sha256:2d84e8d2a0c698c1bce7c2a4677f9f03b076e9f0af7095947ecd2a900ffceea5"},
    {file = "Cython-0.29.20-cp27-cp27mu-manylinux1_x86_64.whl", hash = "sha256:b7bb0d54ff453c7516d323c3c78b211719f39a506652b79b7e85ba447d5fa9e7"},
    {file = "Cython-0.29.20-cp34-cp34m-manylinux1_i686.whl", hash = "sha256:c5e29333c9e20df384645902bed7a67a287b979da1886c8f10f88e57b69e0f4b"},
    {file = "Cython-0.29.20-cp34-cp34m-manylinux1_x86_64.whl", hash = "sha256:0f3488bf2a9e049d1907d35ad8834f542f8c03d858d1bca6d0cbc06b719163e0"},
    {file = "Cython-0.29.20-cp34-cp34m-win32.whl", hash = "sha256:34dd57f5ac5a0e3d53da964994fc1b7e7ee3f86172d7a1f0bde8a1f90739e04d"},
    {file = "Cython-0.29.20-cp34-cp34m-win_amd64.whl", hash = "sha256:1024714b0f7829b0f712db9cebec92c2782b1f42409b8575cacc340aa438d4ba"},
    {file = "Cython-0.29.20-cp35-cp35m-macosx_10_6_intel.whl", hash = "sha256:0bb201124f67b8d5e6a3e7c02257ca56a90204611971ecca76c02897096f097d"},
    {file = "Cython-0.29.20-cp35-cp35m-manylinux1_i686.whl", hash = "sha256:57f32d1095ad7fad1e7f2ff6e8c6a7197fa532c8e6f4d044ff69212e0bf05461"},
    {file = "Cython-0.29.20-cp35-cp35m-manylinux1_x86_64.whl", hash = "sha256:d490a54814b69d814b157ac86ada98c15fd77fabafc23732818ed9b9f1f0af80"},
    {file = "Cython-0.29.20-cp35-cp35m-win32.whl", hash = "sha256:5dfe519e400a1672a3ac5bdfb5e957a9c14c52caafb01f4a923998ec9ae77736"},
    {file = "Cython-0.29.20-cp35-cp35m-win_amd64.whl", hash = "sha256:9bfd42c1d40aa26bf76186cba0d89be66ba47e36fa7ea56d71f377585a53f7c4"},
    {file = "Cython-0.29.20-cp36-cp36m-macosx_10_9_x86_64.whl", hash = "sha256:60def282839ed81a2ffae29d2df0a6777fd74478c6e82c6c3f4b54e698b9d11c"},
    {file = "Cython-0.29.20-cp36-cp36m-manylinux1_i686.whl", hash = "sha256:8598b09f7973ccb15c03b21d3185dc129ae7c60d0a6caf8176b7099a4b83483e"},
    {file = "Cython-0.29.20-cp36-cp36m-manylinux1_x86_64.whl", hash = "sha256:4473f169d6dd02174eb76396cb38ce469f377c08b21965ddf4f88bbbebd5816e"},
    {file = "Cython-0.29.20-cp36-cp36m-win32.whl", hash = "sha256:b553473c31297e4ca77fbaea2eb2329889d898c03941d90941679247c17e38fb"},
    {file = "Cython-0.29.20-cp36-cp36m-win_amd64.whl", hash = "sha256:809f0a3f647052c4bcbc34a15f53a5dab90de1a83ebd77add37ed5d3e6ee5d97"},
    {file = "Cython-0.29.20-cp37-cp37m-macosx_10_9_x86_64.whl", hash = "sha256:384582b5024007dfdabc9753e3e0f85d61837b0103b0ee3f8acf04a4bcfad175"},
    {file = "Cython-0.29.20-cp37-cp37m-manylinux1_i686.whl", hash = "sha256:7352b88f2213325c1e111561496a7d53b0326e7f07e6f81f9b8b21420e40851c"},
    {file = "Cython-0.29.20-cp37-cp37m-manylinux1_x86_64.whl", hash = "sha256:c5df2c42d4066cda175cd4d075225501e1842cfdbdaeeb388eb7685c367cc3ce"},
    {file = "Cython-0.29.20-cp37-cp37m-win32.whl", hash = "sha256:7089fb2be9a9869b9aa277bc6de401928954ce70e139c3cf9b244ae5f490b8f2"},
    {file = "Cython-0.29.20-cp37-cp37m-win_amd64.whl", hash = "sha256:b32965445b8dbdc36c69fba47e024060f9b39b1b4ceb816da5028eea01924505"},
    {file = "Cython-0.29.20-cp38-cp38-macosx_10_9_x86_64.whl", hash = "sha256:8dc68f93b257718ea0e2bc9be8e3c61d70b6e49ab82391125ba0112a30a21025"},
    {file = "Cython-0.29.20-cp38-cp38-manylinux1_i686.whl", hash = "sha256:b3233341c3fe352b1090168bd087686880b582b635d707b2c8f5d4f1cc1fa533"},
    {file = "Cython-0.29.20-cp38-cp38-manylinux1_x86_64.whl", hash = "sha256:10b6d2e2125169158128b7f11dad8bb0d8f5fba031d5d4f8492f3afbd06491d7"},
    {file = "Cython-0.29.20-cp38-cp38-win32.whl", hash = "sha256:16ed0260d031d90dda43997e9b0f0eebc3cf18e6ece91cad7b0fb17cd4bfb29b"},
    {file = "Cython-0.29.20-cp38-cp38-win_amd64.whl", hash = "sha256:d0b445def03b4cd33bd2d1ae6fbbe252b6d1ef7077b3b5ba3f2c698a190d26e5"},
    {file = "Cython-0.29.20-py2.py3-none-any.whl", hash = "sha256:b56c02f14f1708411d95679962b742a1235d33a23535ce4a7f75425447701245"},
    {file = "Cython-0.29.20.tar.gz", hash = "sha256:22d91af5fc2253f717a1b80b8bb45acb655f643611983fd6f782b9423f8171c7"},
]
decorator = [
    {file = "decorator-4.4.2-py2.py3-none-any.whl", hash = "sha256:41fa54c2a0cc4ba648be4fd43cff00aedf5b9465c9bf18d64325bc225f08f760"},
    {file = "decorator-4.4.2.tar.gz", hash = "sha256:e3a62f0520172440ca0dcc823749319382e377f37f140a0b99ef45fecb84bfe7"},
]
fairseq = [
    {file = "fairseq-0.9.0.tar.gz", hash = "sha256:61206358b79f325ea0b46cfd8c95cdb81bfbcfb43cf12b47d1d5124ce7321d3b"},
]
fastbpe = [
    {file = "fastBPE-0.1.0.tar.gz", hash = "sha256:95eef4be2689e822a918ac4eae3349cd78ca3f28af591afa421f8fac6d4cd889"},
]
idna = [
    {file = "idna-2.10-py2.py3-none-any.whl", hash = "sha256:b97d804b1e9b523befed77c48dacec60e6dcb0b5391d57af6a65a312a90648c0"},
    {file = "idna-2.10.tar.gz", hash = "sha256:b307872f855b18632ce0c21c5e45be78c0ea7ae4c15c828c20788b26921eb3f6"},
]
ipython = [
    {file = "ipython-7.16.1-py3-none-any.whl", hash = "sha256:2dbcc8c27ca7d3cfe4fcdff7f45b27f9a8d3edfa70ff8024a71c7a8eb5f09d64"},
    {file = "ipython-7.16.1.tar.gz", hash = "sha256:9f4fcb31d3b2c533333893b9172264e4821c1ac91839500f31bd43f2c59b3ccf"},
]
ipython-genutils = [
    {file = "ipython_genutils-0.2.0-py2.py3-none-any.whl", hash = "sha256:72dd37233799e619666c9f639a9da83c34013a73e8bbc79a7a6348d93c61fab8"},
    {file = "ipython_genutils-0.2.0.tar.gz", hash = "sha256:eb2e116e75ecef9d4d228fdc66af54269afa26ab4463042e33785b887c628ba8"},
]
jedi = [
    {file = "jedi-0.17.1-py2.py3-none-any.whl", hash = "sha256:1ddb0ec78059e8e27ec9eb5098360b4ea0a3dd840bedf21415ea820c21b40a22"},
    {file = "jedi-0.17.1.tar.gz", hash = "sha256:807d5d4f96711a2bcfdd5dfa3b1ae6d09aa53832b182090b222b5efb81f52f63"},
]
joblib = [
    {file = "joblib-0.15.1-py3-none-any.whl", hash = "sha256:6825784ffda353cc8a1be573118085789e5b5d29401856b35b756645ab5aecb5"},
    {file = "joblib-0.15.1.tar.gz", hash = "sha256:61e49189c84b3c5d99a969d314853f4d1d263316cc694bec17548ebaa9c47b6e"},
]
numpy = [
    {file = "numpy-1.19.0-cp36-cp36m-macosx_10_9_x86_64.whl", hash = "sha256:63d971bb211ad3ca37b2adecdd5365f40f3b741a455beecba70fd0dde8b2a4cb"},
    {file = "numpy-1.19.0-cp36-cp36m-manylinux1_i686.whl", hash = "sha256:b6aaeadf1e4866ca0fdf7bb4eed25e521ae21a7947c59f78154b24fc7abbe1dd"},
    {file = "numpy-1.19.0-cp36-cp36m-manylinux1_x86_64.whl", hash = "sha256:13af0184177469192d80db9bd02619f6fa8b922f9f327e077d6f2a6acb1ce1c0"},
    {file = "numpy-1.19.0-cp36-cp36m-manylinux2010_i686.whl", hash = "sha256:356f96c9fbec59974a592452ab6a036cd6f180822a60b529a975c9467fcd5f23"},
    {file = "numpy-1.19.0-cp36-cp36m-manylinux2010_x86_64.whl", hash = "sha256:fa1fe75b4a9e18b66ae7f0b122543c42debcf800aaafa0212aaff3ad273c2596"},
    {file = "numpy-1.19.0-cp36-cp36m-manylinux2014_aarch64.whl", hash = "sha256:cbe326f6d364375a8e5a8ccb7e9cd73f4b2f6dc3b2ed205633a0db8243e2a96a"},
    {file = "numpy-1.19.0-cp36-cp36m-win32.whl", hash = "sha256:a2e3a39f43f0ce95204beb8fe0831199542ccab1e0c6e486a0b4947256215632"},
    {file = "numpy-1.19.0-cp36-cp36m-win_amd64.whl", hash = "sha256:7b852817800eb02e109ae4a9cef2beda8dd50d98b76b6cfb7b5c0099d27b52d4"},
    {file = "numpy-1.19.0-cp37-cp37m-macosx_10_9_x86_64.whl", hash = "sha256:d97a86937cf9970453c3b62abb55a6475f173347b4cde7f8dcdb48c8e1b9952d"},
    {file = "numpy-1.19.0-cp37-cp37m-manylinux1_i686.whl", hash = "sha256:a86c962e211f37edd61d6e11bb4df7eddc4a519a38a856e20a6498c319efa6b0"},
    {file = "numpy-1.19.0-cp37-cp37m-manylinux1_x86_64.whl", hash = "sha256:d34fbb98ad0d6b563b95de852a284074514331e6b9da0a9fc894fb1cdae7a79e"},
    {file = "numpy-1.19.0-cp37-cp37m-manylinux2010_i686.whl", hash = "sha256:658624a11f6e1c252b2cd170d94bf28c8f9410acab9f2fd4369e11e1cd4e1aaf"},
    {file = "numpy-1.19.0-cp37-cp37m-manylinux2010_x86_64.whl", hash = "sha256:4d054f013a1983551254e2379385e359884e5af105e3efe00418977d02f634a7"},
    {file = "numpy-1.19.0-cp37-cp37m-manylinux2014_aarch64.whl", hash = "sha256:26a45798ca2a4e168d00de75d4a524abf5907949231512f372b217ede3429e98"},
    {file = "numpy-1.19.0-cp37-cp37m-win32.whl", hash = "sha256:3c40c827d36c6d1c3cf413694d7dc843d50997ebffbc7c87d888a203ed6403a7"},
    {file = "numpy-1.19.0-cp37-cp37m-win_amd64.whl", hash = "sha256:be62aeff8f2f054eff7725f502f6228298891fd648dc2630e03e44bf63e8cee0"},
    {file = "numpy-1.19.0-cp38-cp38-macosx_10_9_x86_64.whl", hash = "sha256:dd53d7c4a69e766e4900f29db5872f5824a06827d594427cf1a4aa542818b796"},
    {file = "numpy-1.19.0-cp38-cp38-manylinux1_i686.whl", hash = "sha256:30a59fb41bb6b8c465ab50d60a1b298d1cd7b85274e71f38af5a75d6c475d2d2"},
    {file = "numpy-1.19.0-cp38-cp38-manylinux1_x86_64.whl", hash = "sha256:df1889701e2dfd8ba4dc9b1a010f0a60950077fb5242bb92c8b5c7f1a6f2668a"},
    {file = "numpy-1.19.0-cp38-cp38-manylinux2010_i686.whl", hash = "sha256:33c623ef9ca5e19e05991f127c1be5aeb1ab5cdf30cb1c5cf3960752e58b599b"},
    {file = "numpy-1.19.0-cp38-cp38-manylinux2010_x86_64.whl", hash = "sha256:26f509450db547e4dfa3ec739419b31edad646d21fb8d0ed0734188b35ff6b27"},
    {file = "numpy-1.19.0-cp38-cp38-manylinux2014_aarch64.whl", hash = "sha256:7b57f26e5e6ee2f14f960db46bd58ffdca25ca06dd997729b1b179fddd35f5a3"},
    {file = "numpy-1.19.0-cp38-cp38-win32.whl", hash = "sha256:a8705c5073fe3fcc297fb8e0b31aa794e05af6a329e81b7ca4ffecab7f2b95ef"},
    {file = "numpy-1.19.0-cp38-cp38-win_amd64.whl", hash = "sha256:c2edbb783c841e36ca0fa159f0ae97a88ce8137fb3a6cd82eae77349ba4b607b"},
    {file = "numpy-1.19.0-pp36-pypy36_pp73-manylinux2010_x86_64.whl", hash = "sha256:8cde829f14bd38f6da7b2954be0f2837043e8b8d7a9110ec5e318ae6bf706610"},
    {file = "numpy-1.19.0.zip", hash = "sha256:76766cc80d6128750075378d3bb7812cf146415bd29b588616f72c943c00d598"},
]
parso = [
    {file = "parso-0.7.0-py2.py3-none-any.whl", hash = "sha256:158c140fc04112dc45bca311633ae5033c2c2a7b732fa33d0955bad8152a8dd0"},
    {file = "parso-0.7.0.tar.gz", hash = "sha256:908e9fae2144a076d72ae4e25539143d40b8e3eafbaeae03c1bfe226f4cdf12c"},
]
pexpect = [
    {file = "pexpect-4.8.0-py2.py3-none-any.whl", hash = "sha256:0b48a55dcb3c05f3329815901ea4fc1537514d6ba867a152b581d69ae3710937"},
    {file = "pexpect-4.8.0.tar.gz", hash = "sha256:fc65a43959d153d0114afe13997d439c22823a27cefceb5ff35c2178c6784c0c"},
]
pickleshare = [
    {file = "pickleshare-0.7.5-py2.py3-none-any.whl", hash = "sha256:9649af414d74d4df115d5d718f82acb59c9d418196b7b4290ed47a12ce62df56"},
    {file = "pickleshare-0.7.5.tar.gz", hash = "sha256:87683d47965c1da65cdacaf31c8441d12b8044cdec9aca500cd78fc2c683afca"},
]
portalocker = [
    {file = "portalocker-1.7.0-py2.py3-none-any.whl", hash = "sha256:874d6063c6ceb185fe4771da41b01872d2c56d292db746698f8ad7bf1833c905"},
    {file = "portalocker-1.7.0.tar.gz", hash = "sha256:091364838ed6fbb68ea291c28982d1e56125c0d9e3fad5a4ac001db54dd862dc"},
]
prompt-toolkit = [
    {file = "prompt_toolkit-3.0.5-py3-none-any.whl", hash = "sha256:df7e9e63aea609b1da3a65641ceaf5bc7d05e0a04de5bd45d05dbeffbabf9e04"},
    {file = "prompt_toolkit-3.0.5.tar.gz", hash = "sha256:563d1a4140b63ff9dd587bda9557cffb2fe73650205ab6f4383092fb882e7dc8"},
]
ptyprocess = [
    {file = "ptyprocess-0.6.0-py2.py3-none-any.whl", hash = "sha256:d7cc528d76e76342423ca640335bd3633420dc1366f258cb31d05e865ef5ca1f"},
    {file = "ptyprocess-0.6.0.tar.gz", hash = "sha256:923f299cc5ad920c68f2bc0bc98b75b9f838b93b599941a6b63ddbc2476394c0"},
]
pycparser = [
    {file = "pycparser-2.20-py2.py3-none-any.whl", hash = "sha256:7582ad22678f0fcd81102833f60ef8d0e57288b6b5fb00323d101be910e35705"},
    {file = "pycparser-2.20.tar.gz", hash = "sha256:2d475327684562c3a96cc71adf7dc8c4f0565175cf86b6d7a404ff4c771f15f0"},
]
pygments = [
    {file = "Pygments-2.6.1-py3-none-any.whl", hash = "sha256:ff7a40b4860b727ab48fad6360eb351cc1b33cbf9b15a0f689ca5353e9463324"},
    {file = "Pygments-2.6.1.tar.gz", hash = "sha256:647344a061c249a3b74e230c739f434d7ea4d8b1d5f3721bc0f3558049b38f44"},
]
pywin32 = [
    {file = "pywin32-228-cp27-cp27m-win32.whl", hash = "sha256:37dc9935f6a383cc744315ae0c2882ba1768d9b06700a70f35dc1ce73cd4ba9c"},
    {file = "pywin32-228-cp27-cp27m-win_amd64.whl", hash = "sha256:11cb6610efc2f078c9e6d8f5d0f957620c333f4b23466931a247fb945ed35e89"},
    {file = "pywin32-228-cp35-cp35m-win32.whl", hash = "sha256:1f45db18af5d36195447b2cffacd182fe2d296849ba0aecdab24d3852fbf3f80"},
    {file = "pywin32-228-cp35-cp35m-win_amd64.whl", hash = "sha256:6e38c44097a834a4707c1b63efa9c2435f5a42afabff634a17f563bc478dfcc8"},
    {file = "pywin32-228-cp36-cp36m-win32.whl", hash = "sha256:ec16d44b49b5f34e99eb97cf270806fdc560dff6f84d281eb2fcb89a014a56a9"},
    {file = "pywin32-228-cp36-cp36m-win_amd64.whl", hash = "sha256:a60d795c6590a5b6baeacd16c583d91cce8038f959bd80c53bd9a68f40130f2d"},
    {file = "pywin32-228-cp37-cp37m-win32.whl", hash = "sha256:af40887b6fc200eafe4d7742c48417529a8702dcc1a60bf89eee152d1d11209f"},
    {file = "pywin32-228-cp37-cp37m-win_amd64.whl", hash = "sha256:00eaf43dbd05ba6a9b0080c77e161e0b7a601f9a3f660727a952e40140537de7"},
    {file = "pywin32-228-cp38-cp38-win32.whl", hash = "sha256:fa6ba028909cfc64ce9e24bcf22f588b14871980d9787f1e2002c99af8f1850c"},
    {file = "pywin32-228-cp38-cp38-win_amd64.whl", hash = "sha256:9b3466083f8271e1a5eb0329f4e0d61925d46b40b195a33413e0905dccb285e8"},
    {file = "pywin32-228-cp39-cp39-win32.whl", hash = "sha256:ed74b72d8059a6606f64842e7917aeee99159ebd6b8d6261c518d002837be298"},
    {file = "pywin32-228-cp39-cp39-win_amd64.whl", hash = "sha256:8319bafdcd90b7202c50d6014efdfe4fde9311b3ff15fd6f893a45c0868de203"},
]
regex = [
    {file = "regex-2020.6.8-cp27-cp27m-win32.whl", hash = "sha256:fbff901c54c22425a5b809b914a3bfaf4b9570eee0e5ce8186ac71eb2025191c"},
    {file = "regex-2020.6.8-cp27-cp27m-win_amd64.whl", hash = "sha256:112e34adf95e45158c597feea65d06a8124898bdeac975c9087fe71b572bd938"},
    {file = "regex-2020.6.8-cp36-cp36m-manylinux1_i686.whl", hash = "sha256:92d8a043a4241a710c1cf7593f5577fbb832cf6c3a00ff3fc1ff2052aff5dd89"},
    {file = "regex-2020.6.8-cp36-cp36m-manylinux1_x86_64.whl", hash = "sha256:bae83f2a56ab30d5353b47f9b2a33e4aac4de9401fb582b55c42b132a8ac3868"},
    {file = "regex-2020.6.8-cp36-cp36m-manylinux2010_i686.whl", hash = "sha256:b2ba0f78b3ef375114856cbdaa30559914d081c416b431f2437f83ce4f8b7f2f"},
    {file = "regex-2020.6.8-cp36-cp36m-manylinux2010_x86_64.whl", hash = "sha256:95fa7726d073c87141f7bbfb04c284901f8328e2d430eeb71b8ffdd5742a5ded"},
    {file = "regex-2020.6.8-cp36-cp36m-win32.whl", hash = "sha256:e3cdc9423808f7e1bb9c2e0bdb1c9dc37b0607b30d646ff6faf0d4e41ee8fee3"},
    {file = "regex-2020.6.8-cp36-cp36m-win_amd64.whl", hash = "sha256:c78e66a922de1c95a208e4ec02e2e5cf0bb83a36ceececc10a72841e53fbf2bd"},
    {file = "regex-2020.6.8-cp37-cp37m-manylinux1_i686.whl", hash = "sha256:08997a37b221a3e27d68ffb601e45abfb0093d39ee770e4257bd2f5115e8cb0a"},
    {file = "regex-2020.6.8-cp37-cp37m-manylinux1_x86_64.whl", hash = "sha256:2f6f211633ee8d3f7706953e9d3edc7ce63a1d6aad0be5dcee1ece127eea13ae"},
    {file = "regex-2020.6.8-cp37-cp37m-manylinux2010_i686.whl", hash = "sha256:55b4c25cbb3b29f8d5e63aeed27b49fa0f8476b0d4e1b3171d85db891938cc3a"},
    {file = "regex-2020.6.8-cp37-cp37m-manylinux2010_x86_64.whl", hash = "sha256:89cda1a5d3e33ec9e231ece7307afc101b5217523d55ef4dc7fb2abd6de71ba3"},
    {file = "regex-2020.6.8-cp37-cp37m-win32.whl", hash = "sha256:690f858d9a94d903cf5cada62ce069b5d93b313d7d05456dbcd99420856562d9"},
    {file = "regex-2020.6.8-cp37-cp37m-win_amd64.whl", hash = "sha256:1700419d8a18c26ff396b3b06ace315b5f2a6e780dad387e4c48717a12a22c29"},
    {file = "regex-2020.6.8-cp38-cp38-manylinux1_i686.whl", hash = "sha256:654cb773b2792e50151f0e22be0f2b6e1c3a04c5328ff1d9d59c0398d37ef610"},
    {file = "regex-2020.6.8-cp38-cp38-manylinux1_x86_64.whl", hash = "sha256:52e1b4bef02f4040b2fd547357a170fc1146e60ab310cdbdd098db86e929b387"},
    {file = "regex-2020.6.8-cp38-cp38-manylinux2010_i686.whl", hash = "sha256:cf59bbf282b627130f5ba68b7fa3abdb96372b24b66bdf72a4920e8153fc7910"},
    {file = "regex-2020.6.8-cp38-cp38-manylinux2010_x86_64.whl", hash = "sha256:5aaa5928b039ae440d775acea11d01e42ff26e1561c0ffcd3d805750973c6baf"},
    {file = "regex-2020.6.8-cp38-cp38-win32.whl", hash = "sha256:97712e0d0af05febd8ab63d2ef0ab2d0cd9deddf4476f7aa153f76feef4b2754"},
    {file = "regex-2020.6.8-cp38-cp38-win_amd64.whl", hash = "sha256:6ad8663c17db4c5ef438141f99e291c4d4edfeaacc0ce28b5bba2b0bf273d9b5"},
    {file = "regex-2020.6.8.tar.gz", hash = "sha256:e9b64e609d37438f7d6e68c2546d2cb8062f3adb27e6336bc129b51be20773ac"},
]
requests = [
    {file = "requests-2.24.0-py2.py3-none-any.whl", hash = "sha256:fe75cc94a9443b9246fc7049224f75604b113c36acb93f87b80ed42c44cbb898"},
    {file = "requests-2.24.0.tar.gz", hash = "sha256:b3559a131db72c33ee969480840fff4bb6dd111de7dd27c8ee1f820f4f00231b"},
]
sacrebleu = [
    {file = "sacrebleu-1.4.10-py3-none-any.whl", hash = "sha256:1c45f014f0b32b5ff744bc9cce52a0e466677aa5e841462852c9198222f10cb1"},
    {file = "sacrebleu-1.4.10-py3.7.egg", hash = "sha256:2449bdd0caa618cc4c7f0d53944fc65aa5d8c0832c97e21b46f1f462bf72df35"},
    {file = "sacrebleu-1.4.10.tar.gz", hash = "sha256:1a534dda4d74a1c9681722ed386b2174788b14d9fc76cbb3910f09e82e663cac"},
]
sacremoses = [
    {file = "sacremoses-0.0.43.tar.gz", hash = "sha256:123c1bf2664351fb05e16f87d3786dbe44a050cfd7b85161c09ad9a63a8e2948"},
]
six = [
    {file = "six-1.15.0-py2.py3-none-any.whl", hash = "sha256:8b74bedcbbbaca38ff6d7491d76f2b06b3592611af620f8426e82dddb04a5ced"},
    {file = "six-1.15.0.tar.gz", hash = "sha256:30639c035cdb23534cd4aa2dd52c3bf48f06e5f4a941509c8bafd8ce11080259"},
]
subword-nmt = [
    {file = "subword_nmt-0.3.7-py2.py3-none-any.whl", hash = "sha256:a2d92eed5dea55f2b1c9b21225a57b3ae7009ce8a1fa4d2e3f01ab11435c28c9"},
]
torch = [
    {file = "torch-1.4.0-cp27-cp27m-manylinux1_x86_64.whl", hash = "sha256:271d4d1e44df6ed57c530f8849b028447c62b8a19b8e8740dd9baa56e7f682c1"},
    {file = "torch-1.4.0-cp27-cp27mu-manylinux1_x86_64.whl", hash = "sha256:6f2fd9eb8c7eaf38a982ab266dbbfba0f29fb643bc74e677d045d6f2595e4692"},
    {file = "torch-1.4.0-cp27-none-macosx_10_7_x86_64.whl", hash = "sha256:30ce089475b287a37d6fbb8d71853e672edaf66699e3dd2eb19be6ce6296732a"},
    {file = "torch-1.4.0-cp35-cp35m-manylinux1_x86_64.whl", hash = "sha256:54d06a0e8ee85e5a437c24f4af9f4196c819294c23ffb5914e177756f55f1829"},
    {file = "torch-1.4.0-cp35-none-macosx_10_6_x86_64.whl", hash = "sha256:bb1e87063661414e1149bef2e3a2499ce0b5060290799d7e26bc5578037075ba"},
    {file = "torch-1.4.0-cp36-cp36m-manylinux1_x86_64.whl", hash = "sha256:8856f334aa9ecb742c1504bd2563d0ffb8dceb97149c8d72a04afa357f667dbc"},
    {file = "torch-1.4.0-cp36-none-macosx_10_9_x86_64.whl", hash = "sha256:9a1b1db73d8dcfd94b2eee24b939368742aa85f1217c55b8f5681e76c581e99a"},
    {file = "torch-1.4.0-cp37-cp37m-manylinux1_x86_64.whl", hash = "sha256:8fff03bf7b474c16e4b50da65ea14200cc64553b67b9b2307f9dc7e8c69b9d28"},
    {file = "torch-1.4.0-cp37-none-macosx_10_9_x86_64.whl", hash = "sha256:405b9eb40e44037d2525b3ddb5bc4c66b519cd742bff249d4207d23f83e88ea5"},
    {file = "torch-1.4.0-cp38-cp38-manylinux1_x86_64.whl", hash = "sha256:504915c6bc6051ba6a4c2a43c446463dff04411e352f1e26fe13debeae431778"},
    {file = "torch-1.4.0-cp38-none-macosx_10_9_x86_64.whl", hash = "sha256:d7b34a78f021935ad727a3bede56a8a8d4fda0b0272314a04c5f6890bbe7bb29"},
]
tqdm = [
    {file = "tqdm-4.47.0-py2.py3-none-any.whl", hash = "sha256:7810e627bcf9d983a99d9ff8a0c09674400fd2927eddabeadf153c14a2ec8656"},
    {file = "tqdm-4.47.0.tar.gz", hash = "sha256:63ef7a6d3eb39f80d6b36e4867566b3d8e5f1fe3d6cb50c5e9ede2b3198ba7b7"},
]
traitlets = [
    {file = "traitlets-4.3.3-py2.py3-none-any.whl", hash = "sha256:70b4c6a1d9019d7b4f6846832288f86998aa3b9207c6821f3578a6a6a467fe44"},
    {file = "traitlets-4.3.3.tar.gz", hash = "sha256:d023ee369ddd2763310e4c3eae1ff649689440d4ae59d7485eb4cfbbe3e359f7"},
]
urllib3 = [
    {file = "urllib3-1.25.9-py2.py3-none-any.whl", hash = "sha256:88206b0eb87e6d677d424843ac5209e3fb9d0190d0ee169599165ec25e9d9115"},
    {file = "urllib3-1.25.9.tar.gz", hash = "sha256:3018294ebefce6572a474f0604c2021e33b3fd8006ecd11d62107a5d2a963527"},
]
wcwidth = [
    {file = "wcwidth-0.2.5-py2.py3-none-any.whl", hash = "sha256:beb4802a9cebb9144e99086eff703a642a13d6a0052920003a230f3294bbe784"},
    {file = "wcwidth-0.2.5.tar.gz", hash = "sha256:c4d647b99872929fdb7bdcaa4fbe7f01413ed3d98077df798530e5b04f116c83"},
]
